
Microsoft Visual Studio Solution File, Format Version 12.00
# Visual Studio Version 16
VisualStudioVersion = 16.0.31112.23
MinimumVisualStudioVersion = 10.0.40219.1
Project("{8BC9CEB8-8B4A-11D0-8D11-00A0C91BC942}") = "ADS_103_A2_Sorting_Brody_Page", "ADS_103_A2_Sorting_Brody_Page.vcxproj", "{11F58885-B03E-4192-B5A0-93F77D5FB03B}"
EndProject
Global
	GlobalSection(SolutionConfigurationPlatforms) = preSolution
		Debug|x64 = Debug|x64
		Debug|x86 = Debug|x86
		Release|x64 = Release|x64
		Release|x86 = Release|x86
	EndGlobalSection
	GlobalSection(ProjectConfigurationPlatforms) = postSolution
		{11F58885-B03E-4192-B5A0-93F77D5FB03B}.Debug|x64.ActiveCfg = Debug|x64
		{11F58885-B03E-4192-B5A0-93F77D5FB03B}.Debug|x64.Build.0 = Debug|x64
		{11F58885-B03E-4192-B5A0-93F77D5FB03B}.Debug|x86.ActiveCfg = Debug|Win32
		{11F58885-B03E-4192-B5A0-93F77D5FB03B}.Debug|x86.Build.0 = Debug|Win32
		{11F58885-B03E-4192-B5A0-93F77D5FB03B}.Release|x64.ActiveCfg = Release|x64
		{11F58885-B03E-4192-B5A0-93F77D5FB03B}.Release|x64.Build.0 = Release|x64
		{11F58885-B03E-4192-B5A0-93F77D5FB03B}.Release|x86.ActiveCfg = Release|Win32
		{11F58885-B03E-4192-B5A0-93F77D5FB03B}.Release|x86.Build.0 = Release|Win32
	EndGlobalSection
	GlobalSection(SolutionProperties) = preSolution
		HideSolutionNode = FALSE
	EndGlobalSection
	GlobalSection(ExtensibilityGlobals) = postSolution
		SolutionGuid = {CEAD8536-9E08-4CE9-95B3-1B40BD1F2BBE}
	EndGlobalSection
EndGlobal
